
Microsoft Visual Studio Solution File, Format Version 12.00
# Visual Studio 15
VisualStudioVersion = 15.0.28307.757
MinimumVisualStudioVersion = 10.0.40219.1
Project("{FAE04EC0-301F-11D3-BF4B-00C04F79EFBC}") = "Senai.Ekips.WebApi", "Senai.Ekips.WebApi\Senai.Ekips.WebApi.csproj", "{1EA730B6-C68B-4816-BDA8-EAFC629D0948}"
EndProject
Global
	GlobalSection(SolutionConfigurationPlatforms) = preSolution
		Debug|Any CPU = Debug|Any CPU
		Release|Any CPU = Release|Any CPU
	EndGlobalSection
	GlobalSection(ProjectConfigurationPlatforms) = postSolution
		{1EA730B6-C68B-4816-BDA8-EAFC629D0948}.Debug|Any CPU.ActiveCfg = Debug|Any CPU
		{1EA730B6-C68B-4816-BDA8-EAFC629D0948}.Debug|Any CPU.Build.0 = Debug|Any CPU
		{1EA730B6-C68B-4816-BDA8-EAFC629D0948}.Release|Any CPU.ActiveCfg = Release|Any CPU
		{1EA730B6-C68B-4816-BDA8-EAFC629D0948}.Release|Any CPU.Build.0 = Release|Any CPU
	EndGlobalSection
	GlobalSection(SolutionProperties) = preSolution
		HideSolutionNode = FALSE
	EndGlobalSection
	GlobalSection(ExtensibilityGlobals) = postSolution
		SolutionGuid = {60DE2779-9F8E-40A4-A44D-A2EBCD0EC038}
	EndGlobalSection
EndGlobal
