
Microsoft Visual Studio Solution File, Format Version 12.00
# Visual Studio 15
VisualStudioVersion = 15.0.28307.757
MinimumVisualStudioVersion = 10.0.40219.1
Project("{FAE04EC0-301F-11D3-BF4B-00C04F79EFBC}") = "Senai.Peoples.WebApi", "Senai.Peoples.WebApi\Senai.Peoples.WebApi.csproj", "{C21E5F62-E430-41F9-8F0E-9D4391CB8BED}"
EndProject
Global
	GlobalSection(SolutionConfigurationPlatforms) = preSolution
		Debug|Any CPU = Debug|Any CPU
		Release|Any CPU = Release|Any CPU
	EndGlobalSection
	GlobalSection(ProjectConfigurationPlatforms) = postSolution
		{C21E5F62-E430-41F9-8F0E-9D4391CB8BED}.Debug|Any CPU.ActiveCfg = Debug|Any CPU
		{C21E5F62-E430-41F9-8F0E-9D4391CB8BED}.Debug|Any CPU.Build.0 = Debug|Any CPU
		{C21E5F62-E430-41F9-8F0E-9D4391CB8BED}.Release|Any CPU.ActiveCfg = Release|Any CPU
		{C21E5F62-E430-41F9-8F0E-9D4391CB8BED}.Release|Any CPU.Build.0 = Release|Any CPU
	EndGlobalSection
	GlobalSection(SolutionProperties) = preSolution
		HideSolutionNode = FALSE
	EndGlobalSection
	GlobalSection(ExtensibilityGlobals) = postSolution
		SolutionGuid = {415B6A39-A78A-4A3C-AA21-DF3CD3A59101}
	EndGlobalSection
EndGlobal
